
Microsoft Visual Studio Solution File, Format Version 12.00
# Visual Studio 15
VisualStudioVersion = 15.0.28307.329
MinimumVisualStudioVersion = 10.0.40219.1
Project("{FAE04EC0-301F-11D3-BF4B-00C04F79EFBC}") = "Collections", "Collections\Collections.csproj", "{EF24A2FB-264C-4441-9EE7-D8C0708244FB}"
EndProject
Global
	GlobalSection(SolutionConfigurationPlatforms) = preSolution
		Debug|Any CPU = Debug|Any CPU
		Release|Any CPU = Release|Any CPU
	EndGlobalSection
	GlobalSection(ProjectConfigurationPlatforms) = postSolution
		{EF24A2FB-264C-4441-9EE7-D8C0708244FB}.Debug|Any CPU.ActiveCfg = Debug|Any CPU
		{EF24A2FB-264C-4441-9EE7-D8C0708244FB}.Debug|Any CPU.Build.0 = Debug|Any CPU
		{EF24A2FB-264C-4441-9EE7-D8C0708244FB}.Release|Any CPU.ActiveCfg = Release|Any CPU
		{EF24A2FB-264C-4441-9EE7-D8C0708244FB}.Release|Any CPU.Build.0 = Release|Any CPU
	EndGlobalSection
	GlobalSection(SolutionProperties) = preSolution
		HideSolutionNode = FALSE
	EndGlobalSection
	GlobalSection(ExtensibilityGlobals) = postSolution
		SolutionGuid = {C0E59413-4A05-41FE-9599-3ED79C3463EE}
	EndGlobalSection
EndGlobal
