
Microsoft Visual Studio Solution File, Format Version 12.00
# Visual Studio 15
VisualStudioVersion = 15.0.28307.329
MinimumVisualStudioVersion = 10.0.40219.1
Project("{FAE04EC0-301F-11D3-BF4B-00C04F79EFBC}") = "Participation2", "Participation2\Participation2.csproj", "{996F9DB2-4058-4F00-A8ED-0DB1147AFD15}"
EndProject
Global
	GlobalSection(SolutionConfigurationPlatforms) = preSolution
		Debug|Any CPU = Debug|Any CPU
		Release|Any CPU = Release|Any CPU
	EndGlobalSection
	GlobalSection(ProjectConfigurationPlatforms) = postSolution
		{996F9DB2-4058-4F00-A8ED-0DB1147AFD15}.Debug|Any CPU.ActiveCfg = Debug|Any CPU
		{996F9DB2-4058-4F00-A8ED-0DB1147AFD15}.Debug|Any CPU.Build.0 = Debug|Any CPU
		{996F9DB2-4058-4F00-A8ED-0DB1147AFD15}.Release|Any CPU.ActiveCfg = Release|Any CPU
		{996F9DB2-4058-4F00-A8ED-0DB1147AFD15}.Release|Any CPU.Build.0 = Release|Any CPU
	EndGlobalSection
	GlobalSection(SolutionProperties) = preSolution
		HideSolutionNode = FALSE
	EndGlobalSection
	GlobalSection(ExtensibilityGlobals) = postSolution
		SolutionGuid = {69B3BA8E-25E7-4E16-A11C-D2BF92445B8D}
	EndGlobalSection
EndGlobal
