
Microsoft Visual Studio Solution File, Format Version 12.00
# Visual Studio 15
VisualStudioVersion = 15.0.28010.2050
MinimumVisualStudioVersion = 10.0.40219.1
Project("{FAE04EC0-301F-11D3-BF4B-00C04F79EFBC}") = "Participation4", "Participation4\Participation4.csproj", "{D67F7674-6921-46B1-A92F-82EC84099C0E}"
EndProject
Global
	GlobalSection(SolutionConfigurationPlatforms) = preSolution
		Debug|Any CPU = Debug|Any CPU
		Release|Any CPU = Release|Any CPU
	EndGlobalSection
	GlobalSection(ProjectConfigurationPlatforms) = postSolution
		{D67F7674-6921-46B1-A92F-82EC84099C0E}.Debug|Any CPU.ActiveCfg = Debug|Any CPU
		{D67F7674-6921-46B1-A92F-82EC84099C0E}.Debug|Any CPU.Build.0 = Debug|Any CPU
		{D67F7674-6921-46B1-A92F-82EC84099C0E}.Release|Any CPU.ActiveCfg = Release|Any CPU
		{D67F7674-6921-46B1-A92F-82EC84099C0E}.Release|Any CPU.Build.0 = Release|Any CPU
	EndGlobalSection
	GlobalSection(SolutionProperties) = preSolution
		HideSolutionNode = FALSE
	EndGlobalSection
	GlobalSection(ExtensibilityGlobals) = postSolution
		SolutionGuid = {F37C8D35-24A8-45A8-BCF5-4B39C8E622C6}
	EndGlobalSection
EndGlobal
