
Microsoft Visual Studio Solution File, Format Version 12.00
# Visual Studio 15
VisualStudioVersion = 15.0.28307.421
MinimumVisualStudioVersion = 10.0.40219.1
Project("{FAE04EC0-301F-11D3-BF4B-00C04F79EFBC}") = "In-Class Formulas", "In-Class Formulas\In-Class Formulas.csproj", "{E9DA4A1C-60E1-4609-AF0B-D8EA9AADB70C}"
EndProject
Project("{FAE04EC0-301F-11D3-BF4B-00C04F79EFBC}") = "Loop_CoinTossUntilRight", "Loop_CoinTossUntilRight\Loop_CoinTossUntilRight.csproj", "{24D9C91E-6BF7-49AD-94C6-373E62852A65}"
EndProject
Project("{FAE04EC0-301F-11D3-BF4B-00C04F79EFBC}") = "Loop_Summing", "Loop_Summing\Loop_Summing.csproj", "{D44883F3-C93F-4744-A69A-1981DA7E69D5}"
EndProject
Project("{FAE04EC0-301F-11D3-BF4B-00C04F79EFBC}") = "Collections", "Collections\Collections.csproj", "{015F013E-FA1A-42D3-8728-A6F13B9D6EEC}"
EndProject
Project("{FAE04EC0-301F-11D3-BF4B-00C04F79EFBC}") = "Functions", "Functions\Functions.csproj", "{9D039DED-9819-41CA-905A-2CBD7CFCA482}"
EndProject
Global
	GlobalSection(SolutionConfigurationPlatforms) = preSolution
		Debug|Any CPU = Debug|Any CPU
		Release|Any CPU = Release|Any CPU
	EndGlobalSection
	GlobalSection(ProjectConfigurationPlatforms) = postSolution
		{E9DA4A1C-60E1-4609-AF0B-D8EA9AADB70C}.Debug|Any CPU.ActiveCfg = Debug|Any CPU
		{E9DA4A1C-60E1-4609-AF0B-D8EA9AADB70C}.Debug|Any CPU.Build.0 = Debug|Any CPU
		{E9DA4A1C-60E1-4609-AF0B-D8EA9AADB70C}.Release|Any CPU.ActiveCfg = Release|Any CPU
		{E9DA4A1C-60E1-4609-AF0B-D8EA9AADB70C}.Release|Any CPU.Build.0 = Release|Any CPU
		{24D9C91E-6BF7-49AD-94C6-373E62852A65}.Debug|Any CPU.ActiveCfg = Debug|Any CPU
		{24D9C91E-6BF7-49AD-94C6-373E62852A65}.Debug|Any CPU.Build.0 = Debug|Any CPU
		{24D9C91E-6BF7-49AD-94C6-373E62852A65}.Release|Any CPU.ActiveCfg = Release|Any CPU
		{24D9C91E-6BF7-49AD-94C6-373E62852A65}.Release|Any CPU.Build.0 = Release|Any CPU
		{D44883F3-C93F-4744-A69A-1981DA7E69D5}.Debug|Any CPU.ActiveCfg = Debug|Any CPU
		{D44883F3-C93F-4744-A69A-1981DA7E69D5}.Debug|Any CPU.Build.0 = Debug|Any CPU
		{D44883F3-C93F-4744-A69A-1981DA7E69D5}.Release|Any CPU.ActiveCfg = Release|Any CPU
		{D44883F3-C93F-4744-A69A-1981DA7E69D5}.Release|Any CPU.Build.0 = Release|Any CPU
		{015F013E-FA1A-42D3-8728-A6F13B9D6EEC}.Debug|Any CPU.ActiveCfg = Debug|Any CPU
		{015F013E-FA1A-42D3-8728-A6F13B9D6EEC}.Debug|Any CPU.Build.0 = Debug|Any CPU
		{015F013E-FA1A-42D3-8728-A6F13B9D6EEC}.Release|Any CPU.ActiveCfg = Release|Any CPU
		{015F013E-FA1A-42D3-8728-A6F13B9D6EEC}.Release|Any CPU.Build.0 = Release|Any CPU
		{9D039DED-9819-41CA-905A-2CBD7CFCA482}.Debug|Any CPU.ActiveCfg = Debug|Any CPU
		{9D039DED-9819-41CA-905A-2CBD7CFCA482}.Debug|Any CPU.Build.0 = Debug|Any CPU
		{9D039DED-9819-41CA-905A-2CBD7CFCA482}.Release|Any CPU.ActiveCfg = Release|Any CPU
		{9D039DED-9819-41CA-905A-2CBD7CFCA482}.Release|Any CPU.Build.0 = Release|Any CPU
	EndGlobalSection
	GlobalSection(SolutionProperties) = preSolution
		HideSolutionNode = FALSE
	EndGlobalSection
	GlobalSection(ExtensibilityGlobals) = postSolution
		SolutionGuid = {6CCD14A3-2EEB-44D1-BF1E-C4447FCD75A0}
	EndGlobalSection
EndGlobal
